
Microsoft Visual Studio Solution File, Format Version 12.00
# Visual Studio Version 16
VisualStudioVersion = 16.0.31727.386
MinimumVisualStudioVersion = 10.0.40219.1
Project("{FAE04EC0-301F-11D3-BF4B-00C04F79EFBC}") = "DesignPatternsTest", "DesignPatternsTest\DesignPatternsTest.csproj", "{A86EF29C-4484-422B-BDDC-9ABC8A535BA4}"
EndProject
Global
	GlobalSection(SolutionConfigurationPlatforms) = preSolution
		Debug|Any CPU = Debug|Any CPU
		Release|Any CPU = Release|Any CPU
	EndGlobalSection
	GlobalSection(ProjectConfigurationPlatforms) = postSolution
		{A86EF29C-4484-422B-BDDC-9ABC8A535BA4}.Debug|Any CPU.ActiveCfg = Debug|Any CPU
		{A86EF29C-4484-422B-BDDC-9ABC8A535BA4}.Debug|Any CPU.Build.0 = Debug|Any CPU
		{A86EF29C-4484-422B-BDDC-9ABC8A535BA4}.Release|Any CPU.ActiveCfg = Release|Any CPU
		{A86EF29C-4484-422B-BDDC-9ABC8A535BA4}.Release|Any CPU.Build.0 = Release|Any CPU
	EndGlobalSection
	GlobalSection(SolutionProperties) = preSolution
		HideSolutionNode = FALSE
	EndGlobalSection
	GlobalSection(ExtensibilityGlobals) = postSolution
		SolutionGuid = {CCB6C7DB-6AE7-4F2A-9DBA-2D154ED49CEA}
	EndGlobalSection
EndGlobal
